
Microsoft Visual Studio Solution File, Format Version 12.00
# Visual Studio 15
Project("{FAE04EC0-301F-11D3-BF4B-00C04F79EFBC}") = "Assembly-CSharp", "Assembly-CSharp.csproj", "{36D1B9D4-0F90-B6A3-F71D-44FABEE1A9FA}"
EndProject
Global
	GlobalSection(SolutionConfigurationPlatforms) = preSolution
		Debug|Any CPU = Debug|Any CPU
		Release|Any CPU = Release|Any CPU
	EndGlobalSection
	GlobalSection(ProjectConfigurationPlatforms) = postSolution
		{36D1B9D4-0F90-B6A3-F71D-44FABEE1A9FA}.Debug|Any CPU.ActiveCfg = Debug|Any CPU
		{36D1B9D4-0F90-B6A3-F71D-44FABEE1A9FA}.Debug|Any CPU.Build.0 = Debug|Any CPU
		{36D1B9D4-0F90-B6A3-F71D-44FABEE1A9FA}.Release|Any CPU.ActiveCfg = Release|Any CPU
		{36D1B9D4-0F90-B6A3-F71D-44FABEE1A9FA}.Release|Any CPU.Build.0 = Release|Any CPU
	EndGlobalSection
	GlobalSection(SolutionProperties) = preSolution
		HideSolutionNode = FALSE
	EndGlobalSection
EndGlobal
